
Microsoft Visual Studio Solution File, Format Version 12.00
# Visual Studio Version 16
VisualStudioVersion = 16.0.31727.386
MinimumVisualStudioVersion = 10.0.40219.1
Project("{9A19103F-16F7-4668-BE54-9A1E7A4F7556}") = "DateCalculator.System", "DateCalculator\DateCalculator.System.csproj", "{52BBF2BD-21C3-4599-A269-4DACCD12CCCA}"
EndProject
Project("{9A19103F-16F7-4668-BE54-9A1E7A4F7556}") = "DateCalculator.Models", "DateCalculator.Models\DateCalculator.Models.csproj", "{B3FB01FE-2AE7-4D50-B2C8-AE37DA399C23}"
EndProject
Project("{2150E333-8FDC-42A3-9474-1A3956D46DE8}") = "src", "src", "{F17F87D2-F9AF-4226-A64D-A0FB0B482523}"
EndProject
Project("{2150E333-8FDC-42A3-9474-1A3956D46DE8}") = "tests", "tests", "{D41FBBBF-28CB-44DC-B1B1-E63542AC0693}"
EndProject
Project("{FAE04EC0-301F-11D3-BF4B-00C04F79EFBC}") = "DateCalculator.System.Tests", "DateCalculator.System.Tests\DateCalculator.System.Tests.csproj", "{5390DB62-F4BD-4DCF-8975-696A2E5A5E86}"
EndProject
Global
	GlobalSection(SolutionConfigurationPlatforms) = preSolution
		Debug|Any CPU = Debug|Any CPU
		Release|Any CPU = Release|Any CPU
	EndGlobalSection
	GlobalSection(ProjectConfigurationPlatforms) = postSolution
		{52BBF2BD-21C3-4599-A269-4DACCD12CCCA}.Debug|Any CPU.ActiveCfg = Debug|Any CPU
		{52BBF2BD-21C3-4599-A269-4DACCD12CCCA}.Debug|Any CPU.Build.0 = Debug|Any CPU
		{52BBF2BD-21C3-4599-A269-4DACCD12CCCA}.Release|Any CPU.ActiveCfg = Release|Any CPU
		{52BBF2BD-21C3-4599-A269-4DACCD12CCCA}.Release|Any CPU.Build.0 = Release|Any CPU
		{B3FB01FE-2AE7-4D50-B2C8-AE37DA399C23}.Debug|Any CPU.ActiveCfg = Debug|Any CPU
		{B3FB01FE-2AE7-4D50-B2C8-AE37DA399C23}.Debug|Any CPU.Build.0 = Debug|Any CPU
		{B3FB01FE-2AE7-4D50-B2C8-AE37DA399C23}.Release|Any CPU.ActiveCfg = Release|Any CPU
		{B3FB01FE-2AE7-4D50-B2C8-AE37DA399C23}.Release|Any CPU.Build.0 = Release|Any CPU
		{5390DB62-F4BD-4DCF-8975-696A2E5A5E86}.Debug|Any CPU.ActiveCfg = Debug|Any CPU
		{5390DB62-F4BD-4DCF-8975-696A2E5A5E86}.Debug|Any CPU.Build.0 = Debug|Any CPU
		{5390DB62-F4BD-4DCF-8975-696A2E5A5E86}.Release|Any CPU.ActiveCfg = Release|Any CPU
		{5390DB62-F4BD-4DCF-8975-696A2E5A5E86}.Release|Any CPU.Build.0 = Release|Any CPU
	EndGlobalSection
	GlobalSection(SolutionProperties) = preSolution
		HideSolutionNode = FALSE
	EndGlobalSection
	GlobalSection(NestedProjects) = preSolution
		{52BBF2BD-21C3-4599-A269-4DACCD12CCCA} = {F17F87D2-F9AF-4226-A64D-A0FB0B482523}
		{B3FB01FE-2AE7-4D50-B2C8-AE37DA399C23} = {F17F87D2-F9AF-4226-A64D-A0FB0B482523}
		{5390DB62-F4BD-4DCF-8975-696A2E5A5E86} = {D41FBBBF-28CB-44DC-B1B1-E63542AC0693}
	EndGlobalSection
	GlobalSection(ExtensibilityGlobals) = postSolution
		SolutionGuid = {E1B4B72D-059A-464E-970D-12C7329D9947}
	EndGlobalSection
EndGlobal
